github.com/alecthomas/template v0.0.0-20160405071501-a0175ee3bccc h1:cAKDfWh5VpdgMhJosfJnn5/FoN2SRZ4p7fJNX58YPaU=
github.com/alecthomas/template v0.0.0-20160405071501-a0175ee3bccc/go.mod h1:LOuyumcjzFXgccqObfd/Ljyb9UuFJ6TxHnclSeseNhc=
github.com/alecthomas/units v0.0.0-20151022065526-2efee857e7cf h1:qet1QNfXsQxTZqLG4oE62mJzwPIB8+Tee4RNCL9ulrY=
github.com/alecthomas/units v0.0.0-20151022065526-2efee857e7cf/go.mod h1:ybxpYRFXyAe+OPACYpWeL0wqObRcbAqCMya13uyzqw0=
github.com/natefinch/npipe v0.0.0-20160621034901-c1b8fa8bdcce h1:TqjP/BTDrwN7zP9xyXVuLsMBXYMt6LLYi55PlrIcq8U=
github.com/natefinch/npipe v0.0.0-20160621034901-c1b8fa8bdcce/go.mod h1:ifHPsLndGGzvgzcaXUvzmt6LxKT4pJ+uzEhtnMt+f7A=
golang.org/x/sys v0.0.0-20180821140842-3b58ed4ad339 h1:0w2EXzxbB03VAzqwe3csbadu4CPhMRtxCz/rjw9gkic=
golang.org/x/sys v0.0.0-20180821140842-3b58ed4ad339/go.mod h1:STP8DvDyc/dI5b8T5hshtkjS+E42TnysNCUPdjciGhY=
golang.org/x/sys v0.0.0-20181003145944-af653ce8b74f h1:zAtpFwFDtnvBWPPelq8CSiqRN1wrIzMUk9dwzbpjpNM=
golang.org/x/sys v0.0.0-20181003145944-af653ce8b74f/go.mod h1:STP8DvDyc/dI5b8T5hshtkjS+E42TnysNCUPdjciGhY=
golang.org/x/sys v0.0.0-20181029174526-d69651ed3497 h1:GXMDsk4xWZCVzkAWCabrabzCCVmfiYSw72f1K/S9QIY=
golang.org/x/sys v0.0.0-20181029174526-d69651ed3497/go.mod h1:STP8DvDyc/dI5b8T5hshtkjS+E42TnysNCUPdjciGhY=
golang.org/x/sys v0.0.0-20190225065934-cc5685c2db12 h1:Zw7eRv6INHGfu15LVRN1vrrwusJbnfJjAZn3D1VkQIE=
golang.org/x/sys v0.0.0-20190225065934-cc5685c2db12/go.mod h1:STP8DvDyc/dI5b8T5hshtkjS+E42TnysNCUPdjciGhY=
golang.org/x/sys v0.0.0-20190322080309-f49334f85ddc h1:4gbWbmmPFp4ySWICouJl6emP0MyS31yy9SrTlAGFT+g=
golang.org/x/sys v0.0.0-20190322080309-f49334f85ddc/go.mod h1:h1NjWce9XRLGQEsW7wpKNCjG9DtNlClVuFLEZdDNbEs=
gopkg.in/alecthomas/kingpin.v2 v2.2.6 h1:jMFz6MfLP0/4fUyZle81rXUoxOBFi19VUFKVDOQfozc=
gopkg.in/alecthomas/kingpin.v2 v2.2.6/go.mod h1:FMv+mEhP44yOT+4EoQTLFTRgOQ1FBLkstjWtayDeSgw=
gopkg.in/ini.v1 v1.38.1 h1:8E3nEICVJ6kxl6aTXYp77xYyObhw7YG9/avdj0r3vME=
gopkg.in/ini.v1 v1.38.1/go.mod h1:pNLf8WUiyNEtQjuu5G5vTm06TEv9tsIgeAvK8hOrP4k=
gopkg.in/ini.v1 v1.38.3 h1:ourkRZgR6qjJYoec9lYhX4+nuN1tEbV34dQEQ3IRk9U=
gopkg.in/ini.v1 v1.38.3/go.mod h1:pNLf8WUiyNEtQjuu5G5vTm06TEv9tsIgeAvK8hOrP4k=
gopkg.in/ini.v1 v1.39.0 h1:Jf2sFGT+sAd7i+4ftUN1Jz90uw8XNH8NXbbOY16taA8=
gopkg.in/ini.v1 v1.39.0/go.mod h1:pNLf8WUiyNEtQjuu5G5vTm06TEv9tsIgeAvK8hOrP4k=
gopkg.in/ini.v1 v1.42.0 h1:7N3gPTt50s8GuLortA00n8AqRTk75qOP98+mTPpgzRk=
gopkg.in/ini.v1 v1.42.0/go.mod h1:pNLf8WUiyNEtQjuu5G5vTm06TEv9tsIgeAvK8hOrP4k=
gopkg.in/natefinch/lumberjack.v2 v2.0.0-20170531160350-a96e63847dc3 h1:AFxeG48hTWHhDTQDk/m2gorfVHUEa9vo3tp3D7TzwjI=
gopkg.in/natefinch/lumberjack.v2 v2.0.0-20170531160350-a96e63847dc3/go.mod h1:l0ndWWf7gzL7RNwBG7wST/UCcT4T24xpD6X8LsfU/+k=
gopkg.in/natefinch/lumberjack.v2 v2.0.0 h1:1Lc07Kr7qY4U2YPouBjpCLxpiyxIVoxqXgkXLknAOE8=
gopkg.in/natefinch/lumberjack.v2 v2.0.0/go.mod h1:l0ndWWf7gzL7RNwBG7wST/UCcT4T24xpD6X8LsfU/+k=
gopkg.in/validator.v2 v2.0.0-20180514200540-135c24b11c19 h1:WB265cn5OpO+hK3pikC9hpP1zI/KTwmyMFKloW9eOVc=
gopkg.in/validator.v2 v2.0.0-20180514200540-135c24b11c19/go.mod h1:o4V0GXN9/CAmCsvJ0oXYZvrZOe7syiDZSN1GWGZTGzc=
